// !$*UTF8*$!
{
	archiveVersion = 1;
	classes = {
	};
	objectVersion = 46;
	objects = {

/* Begin PBXBuildFile section */
		BEABC8F31DFD838300751336 /* HTNavController.m in Sources */ = {isa = PBXBuildFile; fileRef = BEABC8F21DFD838300751336 /* HTNavController.m */; };
		BEABC8F61DFD927100751336 /* UIView+PositionExt.m in Sources */ = {isa = PBXBuildFile; fileRef = BEABC8F51DFD927100751336 /* UIView+PositionExt.m */; };
		BED40D6B1DFD82AD0026029B /* main.m in Sources */ = {isa = PBXBuildFile; fileRef = BED40D6A1DFD82AD0026029B /* main.m */; };
		BED40D6E1DFD82AD0026029B /* AppDelegate.m in Sources */ = {isa = PBXBuildFile; fileRef = BED40D6D1DFD82AD0026029B /* AppDelegate.m */; };
		BED40D711DFD82AD0026029B /* ViewController.m in Sources */ = {isa = PBXBuildFile; fileRef = BED40D701DFD82AD0026029B /* ViewController.m */; };
		BED40D741DFD82AD0026029B /* Main.storyboard in Resources */ = {isa = PBXBuildFile; fileRef = BED40D721DFD82AD0026029B /* Main.storyboard */; };
		BED40D761DFD82AD0026029B /* Assets.xcassets in Resources */ = {isa = PBXBuildFile; fileRef = BED40D751DFD82AD0026029B /* Assets.xcassets */; };
		BED40D791DFD82AD0026029B /* LaunchScreen.storyboard in Resources */ = {isa = PBXBuildFile; fileRef = BED40D771DFD82AD0026029B /* LaunchScreen.storyboard */; };
/* End PBXBuildFile section */

/* Begin PBXFileReference section */
		BEABC8F11DFD838300751336 /* HTNavController.h */ = {isa = PBXFileReference; fileEncoding = 4; lastKnownFileType = sourcecode.c.h; path = HTNavController.h; sourceTree = "<group>"; };
		BEABC8F21DFD838300751336 /* HTNavController.m */ = {isa = PBXFileReference; fileEncoding = 4; lastKnownFileType = sourcecode.c.objc; path = HTNavController.m; sourceTree = "<group>"; };
		BEABC8F41DFD927100751336 /* UIView+PositionExt.h */ = {isa = PBXFileReference; fileEncoding = 4; lastKnownFileType = sourcecode.c.h; path = "UIView+PositionExt.h"; sourceTree = "<group>"; };
		BEABC8F51DFD927100751336 /* UIView+PositionExt.m */ = {isa = PBXFileReference; fileEncoding = 4; lastKnownFileType = sourcecode.c.objc; path = "UIView+PositionExt.m"; sourceTree = "<group>"; };
		BED40D661DFD82AD0026029B /* HTNavPanPopDemo.app */ = {isa = PBXFileReference; explicitFileType = wrapper.application; includeInIndex = 0; path = HTNavPanPopDemo.app; sourceTree = BUILT_PRODUCTS_DIR; };
		BED40D6A1DFD82AD0026029B /* main.m */ = {isa = PBXFileReference; lastKnownFileType = sourcecode.c.objc; path = main.m; sourceTree = "<group>"; };
		BED40D6C1DFD82AD0026029B /* AppDelegate.h */ = {isa = PBXFileReference; lastKnownFileType = sourcecode.c.h; path = AppDelegate.h; sourceTree = "<group>"; };
		BED40D6D1DFD82AD0026029B /* AppDelegate.m */ = {isa = PBXFileReference; lastKnownFileType = sourcecode.c.objc; path = AppDelegate.m; sourceTree = "<group>"; };
		BED40D6F1DFD82AD0026029B /* ViewController.h */ = {isa = PBXFileReference; lastKnownFileType = sourcecode.c.h; path = ViewController.h; sourceTree = "<group>"; };
		BED40D701DFD82AD0026029B /* ViewController.m */ = {isa = PBXFileReference; lastKnownFileType = sourcecode.c.objc; path = ViewController.m; sourceTree = "<group>"; };
		BED40D731DFD82AD0026029B /* Base */ = {isa = PBXFileReference; lastKnownFileType = file.storyboard; name = Base; path = Base.lproj/Main.storyboard; sourceTree = "<group>"; };
		BED40D751DFD82AD0026029B /* Assets.xcassets */ = {isa = PBXFileReference; lastKnownFileType = folder.assetcatalog; path = Assets.xcassets; sourceTree = "<group>"; };
		BED40D781DFD82AD0026029B /* Base */ = {isa = PBXFileReference; lastKnownFileType = file.storyboard; name = Base; path = Base.lproj/LaunchScreen.storyboard; sourceTree = "<group>"; };
		BED40D7A1DFD82AD0026029B /* Info.plist */ = {isa = PBXFileReference; lastKnownFileType = text.plist.xml; path = Info.plist; sourceTree = "<group>"; };
/* End PBXFileReference section */

/* Begin PBXFrameworksBuildPhase section */
		BED40D631DFD82AD0026029B /* Frameworks */ = {
			isa = PBXFrameworksBuildPhase;
			buildActionMask = 2147483647;
			files = (
			);
			runOnlyForDeploymentPostprocessing = 0;
		};
/* End PBXFrameworksBuildPhase section */

/* Begin PBXGroup section */
		BEABC8F01DFD836900751336 /* HTNav */ = {
			isa = PBXGroup;
			children = (
				BEABC8F41DFD927100751336 /* UIView+PositionExt.h */,
				BEABC8F51DFD927100751336 /* UIView+PositionExt.m */,
				BEABC8F11DFD838300751336 /* HTNavController.h */,
				BEABC8F21DFD838300751336 /* HTNavController.m */,
			);
			path = HTNav;
			sourceTree = "<group>";
		};
		BED40D5D1DFD82AD0026029B = {
			isa = PBXGroup;
			children = (
				BED40D681DFD82AD0026029B /* HTNavPanPopDemo */,
				BED40D671DFD82AD0026029B /* Products */,
			);
			sourceTree = "<group>";
		};
		BED40D671DFD82AD0026029B /* Products */ = {
			isa = PBXGroup;
			children = (
				BED40D661DFD82AD0026029B /* HTNavPanPopDemo.app */,
			);
			name = Products;
			sourceTree = "<group>";
		};
		BED40D681DFD82AD0026029B /* HTNavPanPopDemo */ = {
			isa = PBXGroup;
			children = (
				BEABC8F01DFD836900751336 /* HTNav */,
				BED40D6C1DFD82AD0026029B /* AppDelegate.h */,
				BED40D6D1DFD82AD0026029B /* AppDelegate.m */,
				BED40D6F1DFD82AD0026029B /* ViewController.h */,
				BED40D701DFD82AD0026029B /* ViewController.m */,
				BED40D721DFD82AD0026029B /* Main.storyboard */,
				BED40D751DFD82AD0026029B /* Assets.xcassets */,
				BED40D771DFD82AD0026029B /* LaunchScreen.storyboard */,
				BED40D7A1DFD82AD0026029B /* Info.plist */,
				BED40D691DFD82AD0026029B /* Supporting Files */,
			);
			path = HTNavPanPopDemo;
			sourceTree = "<group>";
		};
		BED40D691DFD82AD0026029B /* Supporting Files */ = {
			isa = PBXGroup;
			children = (
				BED40D6A1DFD82AD0026029B /* main.m */,
			);
			name = "Supporting Files";
			sourceTree = "<group>";
		};
/* End PBXGroup section */

/* Begin PBXNativeTarget section */
		BED40D651DFD82AD0026029B /* HTNavPanPopDemo */ = {
			isa = PBXNativeTarget;
			buildConfigurationList = BED40D7D1DFD82AD0026029B /* Build configuration list for PBXNativeTarget "HTNavPanPopDemo" */;
			buildPhases = (
				BED40D621DFD82AD0026029B /* Sources */,
				BED40D631DFD82AD0026029B /* Frameworks */,
				BED40D641DFD82AD0026029B /* Resources */,
			);
			buildRules = (
			);
			dependencies = (
			);
			name = HTNavPanPopDemo;
			productName = HTNavPanPopDemo;
			productReference = BED40D661DFD82AD0026029B /* HTNavPanPopDemo.app */;
			productType = "com.apple.product-type.application";
		};
/* End PBXNativeTarget section */

/* Begin PBXProject section */
		BED40D5E1DFD82AD0026029B /* Project object */ = {
			isa = PBXProject;
			attributes = {
				LastUpgradeCheck = 0810;
				ORGANIZATIONNAME = taotao;
				TargetAttributes = {
					BED40D651DFD82AD0026029B = {
						CreatedOnToolsVersion = 8.1;
						DevelopmentTeam = YTV9736654;
						ProvisioningStyle = Automatic;
					};
				};
			};
			buildConfigurationList = BED40D611DFD82AD0026029B /* Build configuration list for PBXProject "HTNavPanPopDemo" */;
			compatibilityVersion = "Xcode 3.2";
			developmentRegion = English;
			hasScannedForEncodings = 0;
			knownRegions = (
				en,
				Base,
			);
			mainGroup = BED40D5D1DFD82AD0026029B;
			productRefGroup = BED40D671DFD82AD0026029B /* Products */;
			projectDirPath = "";
			projectRoot = "";
			targets = (
				BED40D651DFD82AD0026029B /* HTNavPanPopDemo */,
			);
		};
/* End PBXProject section */

/* Begin PBXResourcesBuildPhase section */
		BED40D641DFD82AD0026029B /* Resources */ = {
			isa = PBXResourcesBuildPhase;
			buildActionMask = 2147483647;
			files = (
				BED40D791DFD82AD0026029B /* LaunchScreen.storyboard in Resources */,
				BED40D761DFD82AD0026029B /* Assets.xcassets in Resources */,
				BED40D741DFD82AD0026029B /* Main.storyboard in Resources */,
			);
			runOnlyForDeploymentPostprocessing = 0;
		};
/* End PBXResourcesBuildPhase section */

/* Begin PBXSourcesBuildPhase section */
		BED40D621DFD82AD0026029B /* Sources */ = {
			isa = PBXSourcesBuildPhase;
			buildActionMask = 2147483647;
			files = (
				BED40D711DFD82AD0026029B /* ViewController.m in Sources */,
				BEABC8F31DFD838300751336 /* HTNavController.m in Sources */,
				BED40D6E1DFD82AD0026029B /* AppDelegate.m in Sources */,
				BEABC8F61DFD927100751336 /* UIView+PositionExt.m in Sources */,
				BED40D6B1DFD82AD0026029B /* main.m in Sources */,
			);
			runOnlyForDeploymentPostprocessing = 0;
		};
/* End PBXSourcesBuildPhase section */

/* Begin PBXVariantGroup section */
		BED40D721DFD82AD0026029B /* Main.storyboard */ = {
			isa = PBXVariantGroup;
			children = (
				BED40D731DFD82AD0026029B /* Base */,
			);
			name = Main.storyboard;
			sourceTree = "<group>";
		};
		BED40D771DFD82AD0026029B /* LaunchScreen.storyboard */ = {
			isa = PBXVariantGroup;
			children = (
				BED40D781DFD82AD0026029B /* Base */,
			);
			name = LaunchScreen.storyboard;
			sourceTree = "<group>";
		};
/* End PBXVariantGroup section */

/* Begin XCBuildConfiguration section */
		BED40D7B1DFD82AD0026029B /* Debug */ = {
			isa = XCBuildConfiguration;
			buildSettings = {
				ALWAYS_SEARCH_USER_PATHS = NO;
				CLANG_ANALYZER_NONNULL = YES;
				CLANG_CXX_LANGUAGE_STANDARD = "gnu++0x";
				CLANG_CXX_LIBRARY = "libc++";
				CLANG_ENABLE_MODULES = YES;
				CLANG_ENABLE_OBJC_ARC = YES;
				CLANG_WARN_BOOL_CONVERSION = YES;
				CLANG_WARN_CONSTANT_CONVERSION = YES;
				CLANG_WARN_DIRECT_OBJC_ISA_USAGE = YES_ERROR;
				CLANG_WARN_DOCUMENTATION_COMMENTS = YES;
				CLANG_WARN_EMPTY_BODY = YES;
				CLANG_WARN_ENUM_CONVERSION = YES;
				CLANG_WARN_INFINITE_RECURSION = YES;
				CLANG_WARN_INT_CONVERSION = YES;
				CLANG_WARN_OBJC_ROOT_CLASS = YES_ERROR;
				CLANG_WARN_SUSPICIOUS_MOVES = YES;
				CLANG_WARN_UNREACHABLE_CODE = YES;
				CLANG_WARN__DUPLICATE_METHOD_MATCH = YES;
				"CODE_SIGN_IDENTITY[sdk=iphoneos*]" = "iPhone Developer";
				COPY_PHASE_STRIP = NO;
				DEBUG_INFORMATION_FORMAT = dwarf;
				ENABLE_STRICT_OBJC_MSGSEND = YES;
				ENABLE_TESTABILITY = YES;
				GCC_C_LANGUAGE_STANDARD = gnu99;
				GCC_DYNAMIC_NO_PIC = NO;
				GCC_NO_COMMON_BLOCKS = YES;
				GCC_OPTIMIZATION_LEVEL = 0;
				GCC_PREPROCESSOR_DEFINITIONS = (
					"DEBUG=1",
					"$(inherited)",
				);
				GCC_WARN_64_TO_32_BIT_CONVERSION = YES;
				GCC_WARN_ABOUT_RETURN_TYPE = YES_ERROR;
				GCC_WARN_UNDECLARED_SELECTOR = YES;
				GCC_WARN_UNINITIALIZED_AUTOS = YES_AGGRESSIVE;
				GCC_WARN_UNUSED_FUNCTION = YES;
				GCC_WARN_UNUSED_VARIABLE = YES;
				IPHONEOS_DEPLOYMENT_TARGET = 10.1;
				MTL_ENABLE_DEBUG_INFO = YES;
				ONLY_ACTIVE_ARCH = YES;
				SDKROOT = iphoneos;
			};
			name = Debug;
		};
		BED40D7C1DFD82AD0026029B /* Release */ = {
			isa = XCBuildConfiguration;
			buildSettings = {
				ALWAYS_SEARCH_USER_PATHS = NO;
				CLANG_ANALYZER_NONNULL = YES;
				CLANG_CXX_LANGUAGE_STANDARD = "gnu++0x";
				CLANG_CXX_LIBRARY = "libc++";
				CLANG_ENABLE_MODULES = YES;
				CLANG_ENABLE_OBJC_ARC = YES;
				CLANG_WARN_BOOL_CONVERSION = YES;
				CLANG_WARN_CONSTANT_CONVERSION = YES;
				CLANG_WARN_DIRECT_OBJC_ISA_USAGE = YES_ERROR;
				CLANG_WARN_DOCUMENTATION_COMMENTS = YES;
				CLANG_WARN_EMPTY_BODY = YES;
				CLANG_WARN_ENUM_CONVERSION = YES;
				CLANG_WARN_INFINITE_RECURSION = YES;
				CLANG_WARN_INT_CONVERSION = YES;
				CLANG_WARN_OBJC_ROOT_CLASS = YES_ERROR;
				CLANG_WARN_SUSPICIOUS_MOVES = YES;
				CLANG_WARN_UNREACHABLE_CODE = YES;
				CLANG_WARN__DUPLICATE_METHOD_MATCH = YES;
				"CODE_SIGN_IDENTITY[sdk=iphoneos*]" = "iPhone Developer";
				COPY_PHASE_STRIP = NO;
				DEBUG_INFORMATION_FORMAT = "dwarf-with-dsym";
				ENABLE_NS_ASSERTIONS = NO;
				ENABLE_STRICT_OBJC_MSGSEND = YES;
				GCC_C_LANGUAGE_STANDARD = gnu99;
				GCC_NO_COMMON_BLOCKS = YES;
				GCC_WARN_64_TO_32_BIT_CONVERSION = YES;
				GCC_WARN_ABOUT_RETURN_TYPE = YES_ERROR;
				GCC_WARN_UNDECLARED_SELECTOR = YES;
				GCC_WARN_UNINITIALIZED_AUTOS = YES_AGGRESSIVE;
				GCC_WARN_UNUSED_FUNCTION = YES;
				GCC_WARN_UNUSED_VARIABLE = YES;
				IPHONEOS_DEPLOYMENT_TARGET = 10.1;
				MTL_ENABLE_DEBUG_INFO = NO;
				SDKROOT = iphoneos;
				VALIDATE_PRODUCT = YES;
			};
			name = Release;
		};
		BED40D7E1DFD82AD0026029B /* Debug */ = {
			isa = XCBuildConfiguration;
			buildSettings = {
				ASSETCATALOG_COMPILER_APPICON_NAME = AppIcon;
				DEVELOPMENT_TEAM = YTV9736654;
				INFOPLIST_FILE = HTNavPanPopDemo/Info.plist;
				IPHONEOS_DEPLOYMENT_TARGET = 8.0;
				LD_RUNPATH_SEARCH_PATHS = "$(inherited) @executable_path/Frameworks";
				PRODUCT_BUNDLE_IDENTIFIER = com.xianz.HTNavPanPopDemo;
				PRODUCT_NAME = "$(TARGET_NAME)";
			};
			name = Debug;
		};
		BED40D7F1DFD82AD0026029B /* Release */ = {
			isa = XCBuildConfiguration;
			buildSettings = {
				ASSETCATALOG_COMPILER_APPICON_NAME = AppIcon;
				DEVELOPMENT_TEAM = YTV9736654;
				INFOPLIST_FILE = HTNavPanPopDemo/Info.plist;
				IPHONEOS_DEPLOYMENT_TARGET = 8.0;
				LD_RUNPATH_SEARCH_PATHS = "$(inherited) @executable_path/Frameworks";
				PRODUCT_BUNDLE_IDENTIFIER = com.xianz.HTNavPanPopDemo;
				PRODUCT_NAME = "$(TARGET_NAME)";
			};
			name = Release;
		};
/* End XCBuildConfiguration section */

/* Begin XCConfigurationList section */
		BED40D611DFD82AD0026029B /* Build configuration list for PBXProject "HTNavPanPopDemo" */ = {
			isa = XCConfigurationList;
			buildConfigurations = (
				BED40D7B1DFD82AD0026029B /* Debug */,
				BED40D7C1DFD82AD0026029B /* Release */,
			);
			defaultConfigurationIsVisible = 0;
			defaultConfigurationName = Release;
		};
		BED40D7D1DFD82AD0026029B /* Build configuration list for PBXNativeTarget "HTNavPanPopDemo" */ = {
			isa = XCConfigurationList;
			buildConfigurations = (
				BED40D7E1DFD82AD0026029B /* Debug */,
				BED40D7F1DFD82AD0026029B /* Release */,
			);
			defaultConfigurationIsVisible = 0;
			defaultConfigurationName = Release;
		};
/* End XCConfigurationList section */
	};
	rootObject = BED40D5E1DFD82AD0026029B /* Project object */;
}
